
Microsoft Visual Studio Solution File, Format Version 12.00
Project("{FAE04EC0-301F-11D3-BF4B-00C04F79EFBC}") = "eshopBackend.App", "eshopBackend.App\eshopBackend.App.csproj", "{E1BDF30C-D5BB-48E8-9BDF-90EC6DE7230C}"
EndProject
Project("{FAE04EC0-301F-11D3-BF4B-00C04F79EFBC}") = "eshopBackend.DAL", "eshopBackend.DAL\eshopBackend.DAL.csproj", "{631DA9D0-27FE-43B3-B33D-97590DC0FAD7}"
EndProject
Global
	GlobalSection(SolutionConfigurationPlatforms) = preSolution
		Debug|Any CPU = Debug|Any CPU
		Release|Any CPU = Release|Any CPU
	EndGlobalSection
	GlobalSection(ProjectConfigurationPlatforms) = postSolution
		{E1BDF30C-D5BB-48E8-9BDF-90EC6DE7230C}.Debug|Any CPU.ActiveCfg = Debug|Any CPU
		{E1BDF30C-D5BB-48E8-9BDF-90EC6DE7230C}.Debug|Any CPU.Build.0 = Debug|Any CPU
		{E1BDF30C-D5BB-48E8-9BDF-90EC6DE7230C}.Release|Any CPU.ActiveCfg = Release|Any CPU
		{E1BDF30C-D5BB-48E8-9BDF-90EC6DE7230C}.Release|Any CPU.Build.0 = Release|Any CPU
		{631DA9D0-27FE-43B3-B33D-97590DC0FAD7}.Debug|Any CPU.ActiveCfg = Debug|Any CPU
		{631DA9D0-27FE-43B3-B33D-97590DC0FAD7}.Debug|Any CPU.Build.0 = Debug|Any CPU
		{631DA9D0-27FE-43B3-B33D-97590DC0FAD7}.Release|Any CPU.ActiveCfg = Release|Any CPU
		{631DA9D0-27FE-43B3-B33D-97590DC0FAD7}.Release|Any CPU.Build.0 = Release|Any CPU
		{FA51E1B9-1F3A-4A3C-A74B-3C6D1C3B2383}.Debug|Any CPU.ActiveCfg = Debug|Any CPU
		{FA51E1B9-1F3A-4A3C-A74B-3C6D1C3B2383}.Debug|Any CPU.Build.0 = Debug|Any CPU
		{FA51E1B9-1F3A-4A3C-A74B-3C6D1C3B2383}.Release|Any CPU.ActiveCfg = Release|Any CPU
		{FA51E1B9-1F3A-4A3C-A74B-3C6D1C3B2383}.Release|Any CPU.Build.0 = Release|Any CPU
	EndGlobalSection
EndGlobal
