
Microsoft Visual Studio Solution File, Format Version 12.00
# Visual Studio Version 17
VisualStudioVersion = 17.5.33502.453
MinimumVisualStudioVersion = 10.0.40219.1
Project("{9A19103F-16F7-4668-BE54-9A1E7A4F7556}") = "eshopBackend.DAL", "eshopBackend.DAL\eshopBackend.DAL.csproj", "{631DA9D0-27FE-43B3-B33D-97590DC0FAD7}"
EndProject
Project("{FAE04EC0-301F-11D3-BF4B-00C04F79EFBC}") = "eshopBackend.API", "eshopBackend.API\eshopBackend.API.csproj", "{06CF16C5-77D8-46ED-A6CF-66A5E7CADDEC}"
EndProject
Global
	GlobalSection(SolutionConfigurationPlatforms) = preSolution
		Debug|Any CPU = Debug|Any CPU
		Release|Any CPU = Release|Any CPU
	EndGlobalSection
	GlobalSection(ProjectConfigurationPlatforms) = postSolution
		{631DA9D0-27FE-43B3-B33D-97590DC0FAD7}.Debug|Any CPU.ActiveCfg = Debug|Any CPU
		{631DA9D0-27FE-43B3-B33D-97590DC0FAD7}.Debug|Any CPU.Build.0 = Debug|Any CPU
		{631DA9D0-27FE-43B3-B33D-97590DC0FAD7}.Release|Any CPU.ActiveCfg = Release|Any CPU
		{631DA9D0-27FE-43B3-B33D-97590DC0FAD7}.Release|Any CPU.Build.0 = Release|Any CPU
		{06CF16C5-77D8-46ED-A6CF-66A5E7CADDEC}.Debug|Any CPU.ActiveCfg = Debug|Any CPU
		{06CF16C5-77D8-46ED-A6CF-66A5E7CADDEC}.Debug|Any CPU.Build.0 = Debug|Any CPU
		{06CF16C5-77D8-46ED-A6CF-66A5E7CADDEC}.Release|Any CPU.ActiveCfg = Release|Any CPU
		{06CF16C5-77D8-46ED-A6CF-66A5E7CADDEC}.Release|Any CPU.Build.0 = Release|Any CPU
	EndGlobalSection
	GlobalSection(SolutionProperties) = preSolution
		HideSolutionNode = FALSE
	EndGlobalSection
EndGlobal
